// !$*UTF8*$!
{
	archiveVersion = 1;
	classes = {
	};
	objectVersion = 50;
	objects = {

/* Begin PBXBuildFile section */
		49405BC62853CB3D00895AC0 /* LogInViewController.swift in Sources */ = {isa = PBXBuildFile; fileRef = 49405BC52853CB3D00895AC0 /* LogInViewController.swift */; };
		49416CCB28593DE6005D9493 /* PostTableViewCell.swift in Sources */ = {isa = PBXBuildFile; fileRef = 49416CCA28593DE6005D9493 /* PostTableViewCell.swift */; };
		499896F62840DF5B000ACA06 /* AppDelegate.swift in Sources */ = {isa = PBXBuildFile; fileRef = 499896F52840DF5B000ACA06 /* AppDelegate.swift */; };
		499896F82840DF5B000ACA06 /* SceneDelegate.swift in Sources */ = {isa = PBXBuildFile; fileRef = 499896F72840DF5B000ACA06 /* SceneDelegate.swift */; };
		499896FF2840DF5F000ACA06 /* Assets.xcassets in Resources */ = {isa = PBXBuildFile; fileRef = 499896FE2840DF5F000ACA06 /* Assets.xcassets */; };
		499897022840DF5F000ACA06 /* LaunchScreen.storyboard in Resources */ = {isa = PBXBuildFile; fileRef = 499897002840DF5F000ACA06 /* LaunchScreen.storyboard */; };
		4998970F2840E059000ACA06 /* ProfileViewController.swift in Sources */ = {isa = PBXBuildFile; fileRef = 4998970E2840E059000ACA06 /* ProfileViewController.swift */; };
		499897122840E074000ACA06 /* FeedViewController.swift in Sources */ = {isa = PBXBuildFile; fileRef = 499897112840E074000ACA06 /* FeedViewController.swift */; };
		499897162840E0F0000ACA06 /* InfoViewController.swift in Sources */ = {isa = PBXBuildFile; fileRef = 499897152840E0F0000ACA06 /* InfoViewController.swift */; };
		499897192840E0FE000ACA06 /* Post.swift in Sources */ = {isa = PBXBuildFile; fileRef = 499897182840E0FE000ACA06 /* Post.swift */; };
		4998971F2840EC73000ACA06 /* PostViewController.swift in Sources */ = {isa = PBXBuildFile; fileRef = 4998971E2840EC73000ACA06 /* PostViewController.swift */; };
		4998972B2840F66A000ACA06 /* ProfileHeaderView.swift in Sources */ = {isa = PBXBuildFile; fileRef = 4998972A2840F66A000ACA06 /* ProfileHeaderView.swift */; };
/* End PBXBuildFile section */

/* Begin PBXFileReference section */
		49405BC52853CB3D00895AC0 /* LogInViewController.swift */ = {isa = PBXFileReference; lastKnownFileType = sourcecode.swift; path = LogInViewController.swift; sourceTree = "<group>"; };
		49416CCA28593DE6005D9493 /* PostTableViewCell.swift */ = {isa = PBXFileReference; lastKnownFileType = sourcecode.swift; path = PostTableViewCell.swift; sourceTree = "<group>"; };
		499896F22840DF5B000ACA06 /* Navigation.app */ = {isa = PBXFileReference; explicitFileType = wrapper.application; includeInIndex = 0; path = Navigation.app; sourceTree = BUILT_PRODUCTS_DIR; };
		499896F52840DF5B000ACA06 /* AppDelegate.swift */ = {isa = PBXFileReference; lastKnownFileType = sourcecode.swift; path = AppDelegate.swift; sourceTree = "<group>"; };
		499896F72840DF5B000ACA06 /* SceneDelegate.swift */ = {isa = PBXFileReference; lastKnownFileType = sourcecode.swift; path = SceneDelegate.swift; sourceTree = "<group>"; };
		499896FE2840DF5F000ACA06 /* Assets.xcassets */ = {isa = PBXFileReference; lastKnownFileType = folder.assetcatalog; path = Assets.xcassets; sourceTree = "<group>"; };
		499897012840DF5F000ACA06 /* Base */ = {isa = PBXFileReference; lastKnownFileType = file.storyboard; name = Base; path = Base.lproj/LaunchScreen.storyboard; sourceTree = "<group>"; };
		499897032840DF5F000ACA06 /* Info.plist */ = {isa = PBXFileReference; lastKnownFileType = text.plist.xml; path = Info.plist; sourceTree = "<group>"; };
		4998970E2840E059000ACA06 /* ProfileViewController.swift */ = {isa = PBXFileReference; lastKnownFileType = sourcecode.swift; name = ProfileViewController.swift; path = ../VC/ProfileViewController.swift; sourceTree = "<group>"; };
		499897112840E074000ACA06 /* FeedViewController.swift */ = {isa = PBXFileReference; lastKnownFileType = sourcecode.swift; path = FeedViewController.swift; sourceTree = "<group>"; };
		499897152840E0F0000ACA06 /* InfoViewController.swift */ = {isa = PBXFileReference; lastKnownFileType = sourcecode.swift; name = InfoViewController.swift; path = Navigation/InfoViewController.swift; sourceTree = SOURCE_ROOT; };
		499897182840E0FE000ACA06 /* Post.swift */ = {isa = PBXFileReference; lastKnownFileType = sourcecode.swift; path = Post.swift; sourceTree = "<group>"; };
		4998971E2840EC73000ACA06 /* PostViewController.swift */ = {isa = PBXFileReference; lastKnownFileType = sourcecode.swift; name = PostViewController.swift; path = Navigation/PostViewController.swift; sourceTree = SOURCE_ROOT; };
		4998972A2840F66A000ACA06 /* ProfileHeaderView.swift */ = {isa = PBXFileReference; lastKnownFileType = sourcecode.swift; path = ProfileHeaderView.swift; sourceTree = "<group>"; };
/* End PBXFileReference section */

/* Begin PBXFrameworksBuildPhase section */
		499896EF2840DF5B000ACA06 /* Frameworks */ = {
			isa = PBXFrameworksBuildPhase;
			buildActionMask = 2147483647;
			files = (
			);
			runOnlyForDeploymentPostprocessing = 0;
		};
/* End PBXFrameworksBuildPhase section */

/* Begin PBXGroup section */
		499896E92840DF5B000ACA06 = {
			isa = PBXGroup;
			children = (
				499896F42840DF5B000ACA06 /* Navigation */,
				499896F32840DF5B000ACA06 /* Products */,
			);
			sourceTree = "<group>";
		};
		499896F32840DF5B000ACA06 /* Products */ = {
			isa = PBXGroup;
			children = (
				499896F22840DF5B000ACA06 /* Navigation.app */,
			);
			name = Products;
			sourceTree = "<group>";
		};
		499896F42840DF5B000ACA06 /* Navigation */ = {
			isa = PBXGroup;
			children = (
				499896F52840DF5B000ACA06 /* AppDelegate.swift */,
				499897142840E0C4000ACA06 /* VC */,
				499896F72840DF5B000ACA06 /* SceneDelegate.swift */,
				499897292840F641000ACA06 /* Profile */,
				4998971E2840EC73000ACA06 /* PostViewController.swift */,
				49416CCA28593DE6005D9493 /* PostTableViewCell.swift */,
				499897182840E0FE000ACA06 /* Post.swift */,
				499897152840E0F0000ACA06 /* InfoViewController.swift */,
				499896FE2840DF5F000ACA06 /* Assets.xcassets */,
				499897002840DF5F000ACA06 /* LaunchScreen.storyboard */,
				499897032840DF5F000ACA06 /* Info.plist */,
			);
			path = Navigation;
			sourceTree = "<group>";
		};
		499897142840E0C4000ACA06 /* VC */ = {
			isa = PBXGroup;
			children = (
				499897112840E074000ACA06 /* FeedViewController.swift */,
			);
			path = VC;
			sourceTree = "<group>";
		};
		499897292840F641000ACA06 /* Profile */ = {
			isa = PBXGroup;
			children = (
				4998972A2840F66A000ACA06 /* ProfileHeaderView.swift */,
				49405BC52853CB3D00895AC0 /* LogInViewController.swift */,
				4998970E2840E059000ACA06 /* ProfileViewController.swift */,
			);
			path = Profile;
			sourceTree = "<group>";
		};
/* End PBXGroup section */

/* Begin PBXNativeTarget section */
		499896F12840DF5B000ACA06 /* Navigation */ = {
			isa = PBXNativeTarget;
			buildConfigurationList = 499897062840DF5F000ACA06 /* Build configuration list for PBXNativeTarget "Navigation" */;
			buildPhases = (
				499896EE2840DF5B000ACA06 /* Sources */,
				499896EF2840DF5B000ACA06 /* Frameworks */,
				499896F02840DF5B000ACA06 /* Resources */,
			);
			buildRules = (
			);
			dependencies = (
			);
			name = Navigation;
			productName = Navigation;
			productReference = 499896F22840DF5B000ACA06 /* Navigation.app */;
			productType = "com.apple.product-type.application";
		};
/* End PBXNativeTarget section */

/* Begin PBXProject section */
		499896EA2840DF5B000ACA06 /* Project object */ = {
			isa = PBXProject;
			attributes = {
				LastSwiftUpdateCheck = 1220;
				LastUpgradeCheck = 1220;
				TargetAttributes = {
					499896F12840DF5B000ACA06 = {
						CreatedOnToolsVersion = 12.2;
					};
				};
			};
			buildConfigurationList = 499896ED2840DF5B000ACA06 /* Build configuration list for PBXProject "Navigation" */;
			compatibilityVersion = "Xcode 9.3";
			developmentRegion = en;
			hasScannedForEncodings = 0;
			knownRegions = (
				en,
				Base,
			);
			mainGroup = 499896E92840DF5B000ACA06;
			productRefGroup = 499896F32840DF5B000ACA06 /* Products */;
			projectDirPath = "";
			projectRoot = "";
			targets = (
				499896F12840DF5B000ACA06 /* Navigation */,
			);
		};
/* End PBXProject section */

/* Begin PBXResourcesBuildPhase section */
		499896F02840DF5B000ACA06 /* Resources */ = {
			isa = PBXResourcesBuildPhase;
			buildActionMask = 2147483647;
			files = (
				499897022840DF5F000ACA06 /* LaunchScreen.storyboard in Resources */,
				499896FF2840DF5F000ACA06 /* Assets.xcassets in Resources */,
			);
			runOnlyForDeploymentPostprocessing = 0;
		};
/* End PBXResourcesBuildPhase section */

/* Begin PBXSourcesBuildPhase section */
		499896EE2840DF5B000ACA06 /* Sources */ = {
			isa = PBXSourcesBuildPhase;
			buildActionMask = 2147483647;
			files = (
				4998970F2840E059000ACA06 /* ProfileViewController.swift in Sources */,
				499896F62840DF5B000ACA06 /* AppDelegate.swift in Sources */,
				49405BC62853CB3D00895AC0 /* LogInViewController.swift in Sources */,
				4998971F2840EC73000ACA06 /* PostViewController.swift in Sources */,
				499897122840E074000ACA06 /* FeedViewController.swift in Sources */,
				499897192840E0FE000ACA06 /* Post.swift in Sources */,
				499896F82840DF5B000ACA06 /* SceneDelegate.swift in Sources */,
				49416CCB28593DE6005D9493 /* PostTableViewCell.swift in Sources */,
				499897162840E0F0000ACA06 /* InfoViewController.swift in Sources */,
				4998972B2840F66A000ACA06 /* ProfileHeaderView.swift in Sources */,
			);
			runOnlyForDeploymentPostprocessing = 0;
		};
/* End PBXSourcesBuildPhase section */

/* Begin PBXVariantGroup section */
		499897002840DF5F000ACA06 /* LaunchScreen.storyboard */ = {
			isa = PBXVariantGroup;
			children = (
				499897012840DF5F000ACA06 /* Base */,
			);
			name = LaunchScreen.storyboard;
			sourceTree = "<group>";
		};
/* End PBXVariantGroup section */

/* Begin XCBuildConfiguration section */
		499897042840DF5F000ACA06 /* Debug */ = {
			isa = XCBuildConfiguration;
			buildSettings = {
				ALWAYS_SEARCH_USER_PATHS = NO;
				CLANG_ANALYZER_NONNULL = YES;
				CLANG_ANALYZER_NUMBER_OBJECT_CONVERSION = YES_AGGRESSIVE;
				CLANG_CXX_LANGUAGE_STANDARD = "gnu++14";
				CLANG_CXX_LIBRARY = "libc++";
				CLANG_ENABLE_MODULES = YES;
				CLANG_ENABLE_OBJC_ARC = YES;
				CLANG_ENABLE_OBJC_WEAK = YES;
				CLANG_WARN_BLOCK_CAPTURE_AUTORELEASING = YES;
				CLANG_WARN_BOOL_CONVERSION = YES;
				CLANG_WARN_COMMA = YES;
				CLANG_WARN_CONSTANT_CONVERSION = YES;
				CLANG_WARN_DEPRECATED_OBJC_IMPLEMENTATIONS = YES;
				CLANG_WARN_DIRECT_OBJC_ISA_USAGE = YES_ERROR;
				CLANG_WARN_DOCUMENTATION_COMMENTS = YES;
				CLANG_WARN_EMPTY_BODY = YES;
				CLANG_WARN_ENUM_CONVERSION = YES;
				CLANG_WARN_INFINITE_RECURSION = YES;
				CLANG_WARN_INT_CONVERSION = YES;
				CLANG_WARN_NON_LITERAL_NULL_CONVERSION = YES;
				CLANG_WARN_OBJC_IMPLICIT_RETAIN_SELF = YES;
				CLANG_WARN_OBJC_LITERAL_CONVERSION = YES;
				CLANG_WARN_OBJC_ROOT_CLASS = YES_ERROR;
				CLANG_WARN_QUOTED_INCLUDE_IN_FRAMEWORK_HEADER = YES;
				CLANG_WARN_RANGE_LOOP_ANALYSIS = YES;
				CLANG_WARN_STRICT_PROTOTYPES = YES;
				CLANG_WARN_SUSPICIOUS_MOVE = YES;
				CLANG_WARN_UNGUARDED_AVAILABILITY = YES_AGGRESSIVE;
				CLANG_WARN_UNREACHABLE_CODE = YES;
				CLANG_WARN__DUPLICATE_METHOD_MATCH = YES;
				COPY_PHASE_STRIP = NO;
				DEBUG_INFORMATION_FORMAT = dwarf;
				ENABLE_STRICT_OBJC_MSGSEND = YES;
				ENABLE_TESTABILITY = YES;
				GCC_C_LANGUAGE_STANDARD = gnu11;
				GCC_DYNAMIC_NO_PIC = NO;
				GCC_NO_COMMON_BLOCKS = YES;
				GCC_OPTIMIZATION_LEVEL = 0;
				GCC_PREPROCESSOR_DEFINITIONS = (
					"DEBUG=1",
					"$(inherited)",
				);
				GCC_WARN_64_TO_32_BIT_CONVERSION = YES;
				GCC_WARN_ABOUT_RETURN_TYPE = YES_ERROR;
				GCC_WARN_UNDECLARED_SELECTOR = YES;
				GCC_WARN_UNINITIALIZED_AUTOS = YES_AGGRESSIVE;
				GCC_WARN_UNUSED_FUNCTION = YES;
				GCC_WARN_UNUSED_VARIABLE = YES;
				IPHONEOS_DEPLOYMENT_TARGET = 14.2;
				MTL_ENABLE_DEBUG_INFO = INCLUDE_SOURCE;
				MTL_FAST_MATH = YES;
				ONLY_ACTIVE_ARCH = YES;
				SDKROOT = iphoneos;
				SWIFT_ACTIVE_COMPILATION_CONDITIONS = DEBUG;
				SWIFT_OPTIMIZATION_LEVEL = "-Onone";
			};
			name = Debug;
		};
		499897052840DF5F000ACA06 /* Release */ = {
			isa = XCBuildConfiguration;
			buildSettings = {
				ALWAYS_SEARCH_USER_PATHS = NO;
				CLANG_ANALYZER_NONNULL = YES;
				CLANG_ANALYZER_NUMBER_OBJECT_CONVERSION = YES_AGGRESSIVE;
				CLANG_CXX_LANGUAGE_STANDARD = "gnu++14";
				CLANG_CXX_LIBRARY = "libc++";
				CLANG_ENABLE_MODULES = YES;
				CLANG_ENABLE_OBJC_ARC = YES;
				CLANG_ENABLE_OBJC_WEAK = YES;
				CLANG_WARN_BLOCK_CAPTURE_AUTORELEASING = YES;
				CLANG_WARN_BOOL_CONVERSION = YES;
				CLANG_WARN_COMMA = YES;
				CLANG_WARN_CONSTANT_CONVERSION = YES;
				CLANG_WARN_DEPRECATED_OBJC_IMPLEMENTATIONS = YES;
				CLANG_WARN_DIRECT_OBJC_ISA_USAGE = YES_ERROR;
				CLANG_WARN_DOCUMENTATION_COMMENTS = YES;
				CLANG_WARN_EMPTY_BODY = YES;
				CLANG_WARN_ENUM_CONVERSION = YES;
				CLANG_WARN_INFINITE_RECURSION = YES;
				CLANG_WARN_INT_CONVERSION = YES;
				CLANG_WARN_NON_LITERAL_NULL_CONVERSION = YES;
				CLANG_WARN_OBJC_IMPLICIT_RETAIN_SELF = YES;
				CLANG_WARN_OBJC_LITERAL_CONVERSION = YES;
				CLANG_WARN_OBJC_ROOT_CLASS = YES_ERROR;
				CLANG_WARN_QUOTED_INCLUDE_IN_FRAMEWORK_HEADER = YES;
				CLANG_WARN_RANGE_LOOP_ANALYSIS = YES;
				CLANG_WARN_STRICT_PROTOTYPES = YES;
				CLANG_WARN_SUSPICIOUS_MOVE = YES;
				CLANG_WARN_UNGUARDED_AVAILABILITY = YES_AGGRESSIVE;
				CLANG_WARN_UNREACHABLE_CODE = YES;
				CLANG_WARN__DUPLICATE_METHOD_MATCH = YES;
				COPY_PHASE_STRIP = NO;
				DEBUG_INFORMATION_FORMAT = "dwarf-with-dsym";
				ENABLE_NS_ASSERTIONS = NO;
				ENABLE_STRICT_OBJC_MSGSEND = YES;
				GCC_C_LANGUAGE_STANDARD = gnu11;
				GCC_NO_COMMON_BLOCKS = YES;
				GCC_WARN_64_TO_32_BIT_CONVERSION = YES;
				GCC_WARN_ABOUT_RETURN_TYPE = YES_ERROR;
				GCC_WARN_UNDECLARED_SELECTOR = YES;
				GCC_WARN_UNINITIALIZED_AUTOS = YES_AGGRESSIVE;
				GCC_WARN_UNUSED_FUNCTION = YES;
				GCC_WARN_UNUSED_VARIABLE = YES;
				IPHONEOS_DEPLOYMENT_TARGET = 14.2;
				MTL_ENABLE_DEBUG_INFO = NO;
				MTL_FAST_MATH = YES;
				SDKROOT = iphoneos;
				SWIFT_COMPILATION_MODE = wholemodule;
				SWIFT_OPTIMIZATION_LEVEL = "-O";
				VALIDATE_PRODUCT = YES;
			};
			name = Release;
		};
		499897072840DF5F000ACA06 /* Debug */ = {
			isa = XCBuildConfiguration;
			buildSettings = {
				ASSETCATALOG_COMPILER_APPICON_NAME = AppIcon;
				ASSETCATALOG_COMPILER_GLOBAL_ACCENT_COLOR_NAME = AccentColor;
				CODE_SIGN_STYLE = Automatic;
				DEVELOPMENT_TEAM = DP9VBDWN4S;
				INFOPLIST_FILE = Navigation/Info.plist;
				LD_RUNPATH_SEARCH_PATHS = (
					"$(inherited)",
					"@executable_path/Frameworks",
				);
				PRODUCT_BUNDLE_IDENTIFIER = "-8080.Navigation";
				PRODUCT_NAME = "$(TARGET_NAME)";
				SWIFT_VERSION = 5.0;
				TARGETED_DEVICE_FAMILY = "1,2";
			};
			name = Debug;
		};
		499897082840DF5F000ACA06 /* Release */ = {
			isa = XCBuildConfiguration;
			buildSettings = {
				ASSETCATALOG_COMPILER_APPICON_NAME = AppIcon;
				ASSETCATALOG_COMPILER_GLOBAL_ACCENT_COLOR_NAME = AccentColor;
				CODE_SIGN_STYLE = Automatic;
				DEVELOPMENT_TEAM = DP9VBDWN4S;
				INFOPLIST_FILE = Navigation/Info.plist;
				LD_RUNPATH_SEARCH_PATHS = (
					"$(inherited)",
					"@executable_path/Frameworks",
				);
				PRODUCT_BUNDLE_IDENTIFIER = "-8080.Navigation";
				PRODUCT_NAME = "$(TARGET_NAME)";
				SWIFT_VERSION = 5.0;
				TARGETED_DEVICE_FAMILY = "1,2";
			};
			name = Release;
		};
/* End XCBuildConfiguration section */

/* Begin XCConfigurationList section */
		499896ED2840DF5B000ACA06 /* Build configuration list for PBXProject "Navigation" */ = {
			isa = XCConfigurationList;
			buildConfigurations = (
				499897042840DF5F000ACA06 /* Debug */,
				499897052840DF5F000ACA06 /* Release */,
			);
			defaultConfigurationIsVisible = 0;
			defaultConfigurationName = Release;
		};
		499897062840DF5F000ACA06 /* Build configuration list for PBXNativeTarget "Navigation" */ = {
			isa = XCConfigurationList;
			buildConfigurations = (
				499897072840DF5F000ACA06 /* Debug */,
				499897082840DF5F000ACA06 /* Release */,
			);
			defaultConfigurationIsVisible = 0;
			defaultConfigurationName = Release;
		};
/* End XCConfigurationList section */
	};
	rootObject = 499896EA2840DF5B000ACA06 /* Project object */;
}
