{
  "object": {
    "pins": [
      {
        "package": "iOSIntPackage",
        "repositoryURL": "https://github.com/TrueMax/iOSIntPackage/",
        "state": {
          "branch": "imagepublisher",
          "revision": "e1cc0e1b76d7cb8f770d903d85ae9ed91ae026bd",
          "version": null
        }
      },
      {
        "package": "RealmDatabase",
        "repositoryURL": "https://github.com/realm/realm-core",
        "state": {
          "branch": null,
          "revision": "018adb3469c2882904febca251778129ef4a9b70",
          "version": "10.7.2"
        }
      },
      {
        "package": "Realm",
        "repositoryURL": "https://github.com/realm/realm-swift",
        "state": {
          "branch": null,
          "revision": "d6f68b8f613dca3b13430da5e0be5d27b500f486",
          "version": "10.7.7"
        }
      }
    ]
  },
  "version": 1
}
